{
  "name": "desn3037-exp",
  "version": "1.0.0",
  "lockfileVersion": 2,
  "requires": true,
  "packages": {
    "": {
      "name": "desn3037-exp",
      "version": "1.0.0",
      "license": "ISC",
      "dependencies": {
        "webcomponent-qr-code": "^1.1.1"
      }
    },
    "node_modules/qrjs": {
      "version": "0.1.3",
      "resolved": "https://registry.npmjs.org/qrjs/-/qrjs-0.1.3.tgz",
      "integrity": "sha512-YLhMSU+cHwpaRWQlQPI4MpzjrFXmqm9GYOlq1kF96gIWjW8vuMZc9udFK+97tygjZ/raU6NIibY5i8pB2EKZrQ=="
    },
    "node_modules/webcomponent-qr-code": {
      "version": "1.1.1",
      "resolved": "https://registry.npmjs.org/webcomponent-qr-code/-/webcomponent-qr-code-1.1.1.tgz",
      "integrity": "sha512-hO69quwgbetbqfr44kuYspP9m8L1UjEqMVm9H5HrOt38MLZCnYnE45QYsPwOdynGj+7qub2u96p3bx8VaPI7Kg==",
      "dependencies": {
        "qrjs": "^0.1.3"
      }
    }
  },
  "dependencies": {
    "qrjs": {
      "version": "0.1.3",
      "resolved": "https://registry.npmjs.org/qrjs/-/qrjs-0.1.3.tgz",
      "integrity": "sha512-YLhMSU+cHwpaRWQlQPI4MpzjrFXmqm9GYOlq1kF96gIWjW8vuMZc9udFK+97tygjZ/raU6NIibY5i8pB2EKZrQ=="
    },
    "webcomponent-qr-code": {
      "version": "1.1.1",
      "resolved": "https://registry.npmjs.org/webcomponent-qr-code/-/webcomponent-qr-code-1.1.1.tgz",
      "integrity": "sha512-hO69quwgbetbqfr44kuYspP9m8L1UjEqMVm9H5HrOt38MLZCnYnE45QYsPwOdynGj+7qub2u96p3bx8VaPI7Kg==",
      "requires": {
        "qrjs": "^0.1.3"
      }
    }
  }
}
